
Microsoft Visual Studio Solution File, Format Version 12.00
# Visual Studio 15
VisualStudioVersion = 15.0.28307.1231
MinimumVisualStudioVersion = 10.0.40219.1
Project("{8BC9CEB8-8B4A-11D0-8D11-00A0C91BC942}") = "EMS", "EMS\EMS.vcxproj", "{108F220B-0E9D-4C82-AF6F-9645049F48A6}"
EndProject
Global
	GlobalSection(SolutionConfigurationPlatforms) = preSolution
		Debug|x64 = Debug|x64
		Debug|x86 = Debug|x86
		Release|x64 = Release|x64
		Release|x86 = Release|x86
	EndGlobalSection
	GlobalSection(ProjectConfigurationPlatforms) = postSolution
		{108F220B-0E9D-4C82-AF6F-9645049F48A6}.Debug|x64.ActiveCfg = Debug|x64
		{108F220B-0E9D-4C82-AF6F-9645049F48A6}.Debug|x64.Build.0 = Debug|x64
		{108F220B-0E9D-4C82-AF6F-9645049F48A6}.Debug|x86.ActiveCfg = Debug|Win32
		{108F220B-0E9D-4C82-AF6F-9645049F48A6}.Debug|x86.Build.0 = Debug|Win32
		{108F220B-0E9D-4C82-AF6F-9645049F48A6}.Release|x64.ActiveCfg = Release|x64
		{108F220B-0E9D-4C82-AF6F-9645049F48A6}.Release|x64.Build.0 = Release|x64
		{108F220B-0E9D-4C82-AF6F-9645049F48A6}.Release|x86.ActiveCfg = Release|Win32
		{108F220B-0E9D-4C82-AF6F-9645049F48A6}.Release|x86.Build.0 = Release|Win32
	EndGlobalSection
	GlobalSection(SolutionProperties) = preSolution
		HideSolutionNode = FALSE
	EndGlobalSection
	GlobalSection(ExtensibilityGlobals) = postSolution
		SolutionGuid = {3833EEB4-1911-4DB3-ABCC-8C22069EB8C5}
	EndGlobalSection
EndGlobal
